
Microsoft Visual Studio Solution File, Format Version 12.00
# Visual Studio Version 16
VisualStudioVersion = 16.0.31729.503
MinimumVisualStudioVersion = 10.0.40219.1
Project("{9A19103F-16F7-4668-BE54-9A1E7A4F7556}") = "Simpson Rule", "Simpson Rule.csproj", "{677F4944-A1F5-4CA2-BF7E-F21B3534BAB5}"
EndProject
Global
	GlobalSection(SolutionConfigurationPlatforms) = preSolution
		Debug|Any CPU = Debug|Any CPU
		Release|Any CPU = Release|Any CPU
	EndGlobalSection
	GlobalSection(ProjectConfigurationPlatforms) = postSolution
		{677F4944-A1F5-4CA2-BF7E-F21B3534BAB5}.Debug|Any CPU.ActiveCfg = Debug|Any CPU
		{677F4944-A1F5-4CA2-BF7E-F21B3534BAB5}.Debug|Any CPU.Build.0 = Debug|Any CPU
		{677F4944-A1F5-4CA2-BF7E-F21B3534BAB5}.Release|Any CPU.ActiveCfg = Release|Any CPU
		{677F4944-A1F5-4CA2-BF7E-F21B3534BAB5}.Release|Any CPU.Build.0 = Release|Any CPU
	EndGlobalSection
	GlobalSection(SolutionProperties) = preSolution
		HideSolutionNode = FALSE
	EndGlobalSection
	GlobalSection(ExtensibilityGlobals) = postSolution
		SolutionGuid = {A435E0E2-24FA-47CA-8373-2306B65257B5}
	EndGlobalSection
EndGlobal
